
Microsoft Visual Studio Solution File, Format Version 12.00
# Visual Studio 15
VisualStudioVersion = 15.0.27703.2047
MinimumVisualStudioVersion = 10.0.40219.1
Project("{FAE04EC0-301F-11D3-BF4B-00C04F79EFBC}") = "AutomationTest", "AutomationTest\AutomationTest.csproj", "{8BF1B15A-5F47-41D0-8BC0-219CCDB75E4E}"
EndProject
Global
	GlobalSection(SolutionConfigurationPlatforms) = preSolution
		Debug|Any CPU = Debug|Any CPU
		Release|Any CPU = Release|Any CPU
	EndGlobalSection
	GlobalSection(ProjectConfigurationPlatforms) = postSolution
		{8BF1B15A-5F47-41D0-8BC0-219CCDB75E4E}.Debug|Any CPU.ActiveCfg = Debug|Any CPU
		{8BF1B15A-5F47-41D0-8BC0-219CCDB75E4E}.Debug|Any CPU.Build.0 = Debug|Any CPU
		{8BF1B15A-5F47-41D0-8BC0-219CCDB75E4E}.Release|Any CPU.ActiveCfg = Release|Any CPU
		{8BF1B15A-5F47-41D0-8BC0-219CCDB75E4E}.Release|Any CPU.Build.0 = Release|Any CPU
	EndGlobalSection
	GlobalSection(SolutionProperties) = preSolution
		HideSolutionNode = FALSE
	EndGlobalSection
	GlobalSection(ExtensibilityGlobals) = postSolution
		SolutionGuid = {DB993718-6621-4207-B0DC-DC818B918911}
	EndGlobalSection
EndGlobal
